{
  "name": "uwap",
  "version": "0.0.1",
  "lockfileVersion": 1,
  "requires": true,
  "dependencies": {
    "autoprefixer": {
      "version": "6.5.1",
      "resolved": "https://registry.npmjs.org/autoprefixer/-/autoprefixer-6.5.1.tgz",
      "integrity": "sha1-rnWaUiHnCfPaF8LWViMOZ8Q8u3U=",
      "dev": true
    },
    "babel-core": {
      "version": "6.17.0",
      "resolved": "https://registry.npmjs.org/babel-core/-/babel-core-6.17.0.tgz",
      "integrity": "sha1-bEV2RH30eeJB5YyAfkvH2k239CU=",
      "dev": true,
      "dependencies": {
        "path-exists": {
          "version": "https://registry.npmjs.org/path-exists/-/path-exists-1.0.0.tgz",
          "integrity": "sha1-1aiZjrce83p0w06w2eum6HjuoIE="
        }
      }
    },
    "babel-eslint": {
      "version": "7.1.1",
      "resolved": "https://registry.npmjs.org/babel-eslint/-/babel-eslint-7.1.1.tgz",
      "integrity": "sha1-imqITwhapwYK9pz8dzQcL5k3D7I=",
      "dev": true
    },
    "babel-loader": {
      "version": "6.2.7",
      "resolved": "https://registry.npmjs.org/babel-loader/-/babel-loader-6.2.7.tgz",
      "integrity": "sha1-Fv2/ZDKAMNxaYGgn04nIuSoqgDI=",
      "dev": true
    },
    "babel-preset-react-app": {
      "version": "2.2.0",
      "resolved": "https://registry.npmjs.org/babel-preset-react-app/-/babel-preset-react-app-2.2.0.tgz",
      "integrity": "sha1-MUO88xYEn3i1+dBCL9eCLKRxXKQ=",
      "dev": true,
      "dependencies": {
        "babel-runtime": {
          "version": "https://registry.npmjs.org/babel-runtime/-/babel-runtime-6.22.0.tgz",
          "integrity": "sha1-HPi0rGfHek3bDbKuH3TeUqxMphE="
        },
        "core-js": {
          "version": "https://registry.npmjs.org/core-js/-/core-js-2.4.1.tgz",
          "integrity": "sha1-TekR5mew6ukSTjQlS1OupvxhjT4="
        }
      }
    },
    "bootstrap-sass": {
      "version": "3.3.7",
      "resolved": "https://registry.npmjs.org/bootstrap-sass/-/bootstrap-sass-3.3.7.tgz",
      "integrity": "sha1-ZZbHq0D2Y3OTMjqwvIDQZPxjBJg=",
      "dev": true
    },
    "case-sensitive-paths-webpack-plugin": {
      "version": "1.1.4",
      "resolved": "https://registry.npmjs.org/case-sensitive-paths-webpack-plugin/-/case-sensitive-paths-webpack-plugin-1.1.4.tgz",
      "integrity": "sha1-iq7dVpmobKwrNM9A2bQUV1iXhHI=",
      "dev": true
    },
    "chalk": {
      "version": "1.1.3",
      "resolved": "https://registry.npmjs.org/chalk/-/chalk-1.1.3.tgz",
      "integrity": "sha1-qBFcVeSnAv5NFQq9OHKCKn4J/Jg=",
      "dev": true,
      "dependencies": {
        "supports-color": {
          "version": "https://registry.npmjs.org/supports-color/-/supports-color-2.0.0.tgz",
          "integrity": "sha1-U10EXOa2Nj+kARcIRimZXp3zJMc="
        }
      }
    },
    "connect-history-api-fallback": {
      "version": "1.3.0",
      "resolved": "https://registry.npmjs.org/connect-history-api-fallback/-/connect-history-api-fallback-1.3.0.tgz",
      "integrity": "sha1-5R0X+PDvDbkKZP20feMFFVbp8Wk=",
      "dev": true
    },
    "cross-spawn": {
      "version": "4.0.2",
      "resolved": "https://registry.npmjs.org/cross-spawn/-/cross-spawn-4.0.2.tgz",
      "integrity": "sha1-e5JHYhwjrf3ThWAEqCPL45dCTUE=",
      "dev": true
    },
    "css-loader": {
      "version": "0.26.0",
      "resolved": "https://registry.npmjs.org/css-loader/-/css-loader-0.26.0.tgz",
      "integrity": "sha1-Fg03j1uOD9T/ba9PNYDiIZszAl8=",
      "dev": true
    },
    "detect-port": {
      "version": "1.0.1",
      "resolved": "https://registry.npmjs.org/detect-port/-/detect-port-1.0.1.tgz",
      "integrity": "sha1-Phqmp/9md7tgiUspEXJSnYgMHoU=",
      "dev": true
    },
    "dotenv": {
      "version": "2.0.0",
      "resolved": "https://registry.npmjs.org/dotenv/-/dotenv-2.0.0.tgz",
      "integrity": "sha1-vXWcNXqqcDZeAclrewvsCKbg2Uk=",
      "dev": true
    },
    "eslint": {
      "version": "3.8.1",
      "resolved": "https://registry.npmjs.org/eslint/-/eslint-3.8.1.tgz",
      "integrity": "sha1-fQLbRM1ar0+nqkieHwg7qkVDQro=",
      "dev": true
    },
    "eslint-config-react-app": {
      "version": "0.5.2",
      "resolved": "https://registry.npmjs.org/eslint-config-react-app/-/eslint-config-react-app-0.5.2.tgz",
      "integrity": "sha1-FcVY0TZTI+CiPtLdp/vUye9lcGw=",
      "dev": true
    },
    "eslint-loader": {
      "version": "1.6.0",
      "resolved": "https://registry.npmjs.org/eslint-loader/-/eslint-loader-1.6.0.tgz",
      "integrity": "sha1-OPmh5sYCpPHz81FiiXJuXSbm4WU=",
      "dev": true
    },
    "eslint-plugin-flowtype": {
      "version": "2.21.0",
      "resolved": "https://registry.npmjs.org/eslint-plugin-flowtype/-/eslint-plugin-flowtype-2.21.0.tgz",
      "integrity": "sha1-pH6Fq83RgdN6M2BUvVUhSa44fZw=",
      "dev": true
    },
    "eslint-plugin-import": {
      "version": "2.0.1",
      "resolved": "https://registry.npmjs.org/eslint-plugin-import/-/eslint-plugin-import-2.0.1.tgz",
      "integrity": "sha1-3P6WNX1Haz+CJXDULCm+xm9dnFw=",
      "dev": true,
      "dependencies": {
        "doctrine": {
          "version": "https://registry.npmjs.org/doctrine/-/doctrine-1.3.0.tgz",
          "integrity": "sha1-E+dWgrVVGEJCdvfBc3g0Vu+RPSY="
        }
      }
    },
    "eslint-plugin-jsx-a11y": {
      "version": "2.2.3",
      "resolved": "https://registry.npmjs.org/eslint-plugin-jsx-a11y/-/eslint-plugin-jsx-a11y-2.2.3.tgz",
      "integrity": "sha1-TjXLcbin23AqxBXIBuuOjZ6mxl0=",
      "dev": true
    },
    "eslint-plugin-react": {
      "version": "6.4.1",
      "resolved": "https://registry.npmjs.org/eslint-plugin-react/-/eslint-plugin-react-6.4.1.tgz",
      "integrity": "sha1-fRqt50fbFYkvce7h/qSt35e8+is=",
      "dev": true
    },
    "express": {
      "version": "4.15.2",
      "resolved": "https://registry.npmjs.org/express/-/express-4.15.2.tgz",
      "integrity": "sha1-rxB/wUhQRFfy3Kmm8lcdcSm5ezU="
    },
    "extract-text-webpack-plugin": {
      "version": "1.0.1",
      "resolved": "https://registry.npmjs.org/extract-text-webpack-plugin/-/extract-text-webpack-plugin-1.0.1.tgz",
      "integrity": "sha1-yVvzy6rEnclvHcbgclSfu2VMzSw=",
      "dev": true
    },
    "file-loader": {
      "version": "0.9.0",
      "resolved": "https://registry.npmjs.org/file-loader/-/file-loader-0.9.0.tgz",
      "integrity": "sha1-HS2t3UJM5tGwfP4/eXMb7TYXq0I=",
      "dev": true
    },
    "filesize": {
      "version": "3.3.0",
      "resolved": "https://registry.npmjs.org/filesize/-/filesize-3.3.0.tgz",
      "integrity": "sha1-UxSeo0YOOy4CSWKlFkiqVyz5gSI=",
      "dev": true
    },
    "fs": {
      "version": "0.0.1-security",
      "resolved": "https://registry.npmjs.org/fs/-/fs-0.0.1-security.tgz",
      "integrity": "sha1-invTcYa23d84E/I4WLV+yq9eQdQ=",
      "dev": true
    },
    "fs-extra": {
      "version": "0.30.0",
      "resolved": "https://registry.npmjs.org/fs-extra/-/fs-extra-0.30.0.tgz",
      "integrity": "sha1-8jP/zAjU2n1DLapEl3aYnbHfk/A=",
      "dev": true
    },
    "gulp": {
      "version": "3.9.1",
      "resolved": "https://registry.npmjs.org/gulp/-/gulp-3.9.1.tgz",
      "integrity": "sha1-VxzkWSjdQK9lFPxAEYZgFsE4RbQ=",
      "dev": true,
      "dependencies": {
        "minimist": {
          "version": "https://registry.npmjs.org/minimist/-/minimist-1.2.0.tgz",
          "integrity": "sha1-o1AIsg9BOD7sH7kU9M1d95omQoQ="
        }
      }
    },
    "gulp-filter": {
      "version": "5.0.0",
      "resolved": "https://registry.npmjs.org/gulp-filter/-/gulp-filter-5.0.0.tgz",
      "integrity": "sha1-z6gZZvtniE8rp1SwZxUpKUKNWbw=",
      "dev": true
    },
    "gulp-rename": {
      "version": "1.2.2",
      "resolved": "https://registry.npmjs.org/gulp-rename/-/gulp-rename-1.2.2.tgz",
      "integrity": "sha1-OtRCh2PwXidk3sHGfYaNsnVoeBc=",
      "dev": true
    },
    "gulp-zip": {
      "version": "4.0.0",
      "resolved": "https://registry.npmjs.org/gulp-zip/-/gulp-zip-4.0.0.tgz",
      "integrity": "sha1-HO/Ai0vzbfS1sefGs27lXrvkqIE=",
      "dev": true
    },
    "gzip-size": {
      "version": "3.0.0",
      "resolved": "https://registry.npmjs.org/gzip-size/-/gzip-size-3.0.0.tgz",
      "integrity": "sha1-VGGI6b3DN/Zzdy+BZgRks4nc5SA=",
      "dev": true
    },
    "html-webpack-plugin": {
      "version": "2.24.0",
      "resolved": "https://registry.npmjs.org/html-webpack-plugin/-/html-webpack-plugin-2.24.0.tgz",
      "integrity": "sha1-U2l86nmp880fjCOaxx+UnVZzyss=",
      "dev": true
    },
    "http-proxy-middleware": {
      "version": "0.17.2",
      "resolved": "https://registry.npmjs.org/http-proxy-middleware/-/http-proxy-middleware-0.17.2.tgz",
      "integrity": "sha1-Vy1Rem0vsQY6Rp3ilO7ZYGY1IAc=",
      "dev": true,
      "dependencies": {
        "is-extglob": {
          "version": "https://registry.npmjs.org/is-extglob/-/is-extglob-2.1.1.tgz",
          "integrity": "sha1-qIwCU1eR8C7TfHahueqXc8gz+MI="
        },
        "is-glob": {
          "version": "https://registry.npmjs.org/is-glob/-/is-glob-3.1.0.tgz",
          "integrity": "sha1-e6WuJCF4BKxwcHuWkiVnSGzD6Eo="
        }
      }
    },
    "jquery": {
      "version": "3.5.0",
      "resolved": "https://registry.npmjs.org/jquery/-/jquery-3.5.0.tgz",
      "integrity": "sha512-Xb7SVYMvygPxbFMpTFQiHh1J7HClEaThguL15N/Gg37Lri/qKyhRGZYzHRyLH8Stq3Aow0LsHO2O2ci86fCrNQ=="
    },
    "json-loader": {
      "version": "0.5.4",
      "resolved": "https://registry.npmjs.org/json-loader/-/json-loader-0.5.4.tgz",
      "integrity": "sha1-i6oTZaYy9Yo8RtIBdfxgAsluN94=",
      "dev": true
    },
    "mkdirp": {
      "version": "0.5.1",
      "resolved": "https://registry.npmjs.org/mkdirp/-/mkdirp-0.5.1.tgz",
      "integrity": "sha1-MAV0OOrGz3+MR2fzhkjWaX11yQM=",
      "dev": true
    },
    "node-sass": {
      "version": "4.5.2",
      "resolved": "https://registry.npmjs.org/node-sass/-/node-sass-4.5.2.tgz",
      "integrity": "sha1-QBL6K9EpsdY2URfojZ2gUA2Z2mQ=",
      "dev": true,
      "dependencies": {
        "cross-spawn": {
          "version": "https://registry.npmjs.org/cross-spawn/-/cross-spawn-3.0.1.tgz",
          "integrity": "sha1-ElYDfsufDF9549bvE14wdwGEuYI="
        },
        "gaze": {
          "version": "https://registry.npmjs.org/gaze/-/gaze-1.1.2.tgz",
          "integrity": "sha1-hHIkZ3rbiHDWeSV+0ziP22HkAQU="
        },
        "globule": {
          "version": "https://registry.npmjs.org/globule/-/globule-1.1.0.tgz",
          "integrity": "sha1-xJNS5NwYPYWJPuglOF65lLtt9F8="
        },
        "lodash": {
          "version": "https://registry.npmjs.org/lodash/-/lodash-4.16.6.tgz",
          "integrity": "sha1-0iyaxmAojzhD4Wun0rXQbMon13c="
        }
      }
    },
    "object-assign": {
      "version": "4.1.0",
      "resolved": "https://registry.npmjs.org/object-assign/-/object-assign-4.1.0.tgz",
      "integrity": "sha1-ejs9DpgGPUP0wD8uiubNUahog6A=",
      "dev": true
    },
    "path-exists": {
      "version": "2.1.0",
      "resolved": "https://registry.npmjs.org/path-exists/-/path-exists-2.1.0.tgz",
      "integrity": "sha1-D+tsZPD8UY2adU3V77YscCJ2H0s=",
      "dev": true
    },
    "postcss-loader": {
      "version": "1.0.0",
      "resolved": "https://registry.npmjs.org/postcss-loader/-/postcss-loader-1.0.0.tgz",
      "integrity": "sha1-47ZdDIWWwWWPedfbLSkTEHSNXSo=",
      "dev": true
    },
    "promise": {
      "version": "7.1.1",
      "resolved": "https://registry.npmjs.org/promise/-/promise-7.1.1.tgz",
      "integrity": "sha1-SJZUxpJha4qlWwck+oCbt9tJxb8=",
      "dev": true
    },
    "react": {
      "version": "15.5.4",
      "resolved": "https://registry.npmjs.org/react/-/react-15.5.4.tgz",
      "integrity": "sha1-+oPrAVBqsjfNwcjDsc6o3gEr8Ec=",
      "dependencies": {
        "object-assign": {
          "version": "https://registry.npmjs.org/object-assign/-/object-assign-4.1.1.tgz",
          "integrity": "sha1-IQmtx5ZYh8/AXLvUQsrIv7s2CGM="
        }
      }
    },
    "react-bootstrap": {
      "version": "0.31.0",
      "resolved": "https://registry.npmjs.org/react-bootstrap/-/react-bootstrap-0.31.0.tgz",
      "integrity": "sha1-u8qATAQE2cZAECsrZWrkzVvqNcg="
    },
    "react-dev-utils": {
      "version": "0.4.2",
      "resolved": "https://registry.npmjs.org/react-dev-utils/-/react-dev-utils-0.4.2.tgz",
      "integrity": "sha1-um+uWB/pRaL8QC6bJ8cf2k9i9qE=",
      "dev": true
    },
    "react-dom": {
      "version": "15.5.4",
      "resolved": "https://registry.npmjs.org/react-dom/-/react-dom-15.5.4.tgz",
      "integrity": "sha1-ugwoeG/VLtfk8hNf4CiNRirvk9o=",
      "dependencies": {
        "object-assign": {
          "version": "https://registry.npmjs.org/object-assign/-/object-assign-4.1.1.tgz",
          "integrity": "sha1-IQmtx5ZYh8/AXLvUQsrIv7s2CGM="
        }
      }
    },
    "react-router": {
      "version": "4.1.1",
      "resolved": "https://registry.npmjs.org/react-router/-/react-router-4.1.1.tgz",
      "integrity": "sha1-1Ejzt8G0Kab7sDOVCZlJxgax/pU=",
      "dependencies": {
        "isarray": {
          "version": "https://registry.npmjs.org/isarray/-/isarray-0.0.1.tgz",
          "integrity": "sha1-ihis/Kmo9Bd+Cav8YDiTmwXR7t8="
        },
        "path-to-regexp": {
          "version": "https://registry.npmjs.org/path-to-regexp/-/path-to-regexp-1.7.0.tgz",
          "integrity": "sha1-Wf3g9DW62suhA6hOnTvGTpa5k30="
        }
      }
    },
    "react-router-dom": {
      "version": "4.1.1",
      "resolved": "https://registry.npmjs.org/react-router-dom/-/react-router-dom-4.1.1.tgz",
      "integrity": "sha1-MCGt4fLBYK+Xz5TiVZTF8pRYMCU="
    },
    "recursive-readdir": {
      "version": "2.1.0",
      "resolved": "https://registry.npmjs.org/recursive-readdir/-/recursive-readdir-2.1.0.tgz",
      "integrity": "sha1-eLe/15WC09dZa4/xvSn71QIp9qo=",
      "dev": true,
      "dependencies": {
        "minimatch": {
          "version": "https://registry.npmjs.org/minimatch/-/minimatch-3.0.2.tgz",
          "integrity": "sha1-DzmKcwDqRB6cNIyD2Yq4ydv5xAo="
        }
      }
    },
    "remote-redux-devtools": {
      "version": "0.5.7",
      "resolved": "https://registry.npmjs.org/remote-redux-devtools/-/remote-redux-devtools-0.5.7.tgz",
      "integrity": "sha1-vDIZ7U7vNHpbQWKsrYyUJOaS3wI=",
      "dev": true
    },
    "remotedev-server": {
      "version": "0.2.2",
      "resolved": "https://registry.npmjs.org/remotedev-server/-/remotedev-server-0.2.2.tgz",
      "integrity": "sha1-kklO8OVYOJ4S4qjwAHzpL8Unl5k=",
      "dev": true,
      "dependencies": {
        "minimist": {
          "version": "https://registry.npmjs.org/minimist/-/minimist-1.2.0.tgz",
          "integrity": "sha1-o1AIsg9BOD7sH7kU9M1d95omQoQ="
        },
        "node-uuid": {
          "version": "https://registry.npmjs.org/node-uuid/-/node-uuid-1.4.8.tgz",
          "integrity": "sha1-sEDrCSOWivq/jTL7HxfxFn/auQc="
        },
        "semver": {
          "version": "https://registry.npmjs.org/semver/-/semver-5.3.0.tgz",
          "integrity": "sha1-myzl094C0XxgEq0yaqa00M9U+U8="
        }
      }
    },
    "resolve-url-loader": {
      "version": "2.0.2",
      "resolved": "https://registry.npmjs.org/resolve-url-loader/-/resolve-url-loader-2.0.2.tgz",
      "integrity": "sha1-xGXpfqCkeR85Yfdmzqd1/y4864w=",
      "dev": true,
      "dependencies": {
        "camelcase": {
          "version": "https://registry.npmjs.org/camelcase/-/camelcase-4.1.0.tgz",
          "integrity": "sha1-1UVjW+HjPFQmScaRc+Xeas+uNN0="
        },
        "json5": {
          "version": "https://registry.npmjs.org/json5/-/json5-0.5.1.tgz",
          "integrity": "sha1-Hq3nrMASA0rYTiOWdn6tn6VJWCE="
        },
        "loader-utils": {
          "version": "https://registry.npmjs.org/loader-utils/-/loader-utils-1.1.0.tgz",
          "integrity": "sha1-yYrvSIvM7aL/teLeZG1qdUQp9c0="
        }
      }
    },
    "sass-loader": {
      "version": "4.1.1",
      "resolved": "https://registry.npmjs.org/sass-loader/-/sass-loader-4.1.1.tgz",
      "integrity": "sha1-ee+UaM8L9kbClSnh8sumvW5Rx7w=",
      "dev": true,
      "dependencies": {
        "async": {
          "version": "https://registry.npmjs.org/async/-/async-2.3.0.tgz",
          "integrity": "sha1-EBPRBRBH3TIP4k5JTVxm7K9hR9k="
        }
      }
    },
    "scroll-to-element": {
      "version": "2.0.0",
      "resolved": "https://registry.npmjs.org/scroll-to-element/-/scroll-to-element-2.0.0.tgz",
      "integrity": "sha1-NGczDjOEdDtylaxkswJ5mQxawWQ="
    },
    "strip-ansi": {
      "version": "3.0.1",
      "resolved": "https://registry.npmjs.org/strip-ansi/-/strip-ansi-3.0.1.tgz",
      "integrity": "sha1-ajhfuIU9lS1f8F0Oiq+UJ43GPc8=",
      "dev": true
    },
    "style-loader": {
      "version": "0.13.1",
      "resolved": "https://registry.npmjs.org/style-loader/-/style-loader-0.13.1.tgz",
      "integrity": "sha1-RoKA77wEcwI806bNVuM7Wh1/w6k=",
      "dev": true
    },
    "url-loader": {
      "version": "0.5.8",
      "resolved": "https://registry.npmjs.org/url-loader/-/url-loader-0.5.8.tgz",
      "integrity": "sha1-uRg7GAHg+EdxhnNnMEC8ncHHFcU=",
      "dev": true,
      "dependencies": {
        "json5": {
          "version": "https://registry.npmjs.org/json5/-/json5-0.5.1.tgz",
          "integrity": "sha1-Hq3nrMASA0rYTiOWdn6tn6VJWCE="
        },
        "loader-utils": {
          "version": "https://registry.npmjs.org/loader-utils/-/loader-utils-1.1.0.tgz",
          "integrity": "sha1-yYrvSIvM7aL/teLeZG1qdUQp9c0="
        }
      }
    },
    "waypoints": {
      "version": "4.0.1",
      "resolved": "https://registry.npmjs.org/waypoints/-/waypoints-4.0.1.tgz",
      "integrity": "sha1-CZeaBXOBCylifLpDZqKEoGLsacg="
    },
    "webpack": {
      "version": "1.14.0",
      "resolved": "https://registry.npmjs.org/webpack/-/webpack-1.14.0.tgz",
      "integrity": "sha1-VPH/uSBRoyilsgV9auM8KJRiyCM=",
      "dev": true,
      "dependencies": {
        "acorn": {
          "version": "https://registry.npmjs.org/acorn/-/acorn-3.3.0.tgz",
          "integrity": "sha1-ReN/s56No/JbruP/U2niu18iAXo="
        },
        "cliui": {
          "version": "https://registry.npmjs.org/cliui/-/cliui-2.1.0.tgz",
          "integrity": "sha1-S0dXYP+AJkx2LDoXGQMukcf+oNE="
        },
        "interpret": {
          "version": "https://registry.npmjs.org/interpret/-/interpret-0.6.6.tgz",
          "integrity": "sha1-/s16GOfOXKar+5U+H4YhOknxYls="
        },
        "uglify-js": {
          "version": "https://registry.npmjs.org/uglify-js/-/uglify-js-2.7.5.tgz",
          "integrity": "sha1-RhLAx7qu4rp8SH3kkErhIgefLKg=",
          "dependencies": {
            "async": {
              "version": "https://registry.npmjs.org/async/-/async-0.2.10.tgz",
              "integrity": "sha1-trvgsGdLnXGXCMo43owjfLUmw9E="
            },
            "yargs": {
              "version": "https://registry.npmjs.org/yargs/-/yargs-3.10.0.tgz",
              "integrity": "sha1-9+572FfdfB0tOMDnTvvWgdFDH9E="
            }
          }
        },
        "wordwrap": {
          "version": "https://registry.npmjs.org/wordwrap/-/wordwrap-0.0.2.tgz",
          "integrity": "sha1-t5Zpu0LstAn4PVg8rVLKF+qhZD8="
        }
      }
    },
    "webpack-dev-server": {
      "version": "1.16.2",
      "resolved": "https://registry.npmjs.org/webpack-dev-server/-/webpack-dev-server-1.16.2.tgz",
      "integrity": "sha1-i+vCxM4cRaFcct12nZugjbMGp5M=",
      "dev": true
    },
    "webpack-manifest-plugin": {
      "version": "1.1.0",
      "resolved": "https://registry.npmjs.org/webpack-manifest-plugin/-/webpack-manifest-plugin-1.1.0.tgz",
      "integrity": "sha1-a2xxiq3oolN5lXhLRr0umDYFfKo=",
      "dev": true
    },
    "webpack-merge": {
      "version": "3.0.0",
      "resolved": "https://registry.npmjs.org/webpack-merge/-/webpack-merge-3.0.0.tgz",
      "integrity": "sha1-8snChpG8RP2xJHRcuEqPq3QSVwE=",
      "dev": true
    },
    "webpack-node-externals": {
      "version": "1.5.4",
      "resolved": "https://registry.npmjs.org/webpack-node-externals/-/webpack-node-externals-1.5.4.tgz",
      "integrity": "sha1-6gW6FxCKI+d2w1xC57sOhsIlvgA=",
      "dev": true
    },
    "whatwg-fetch": {
      "version": "1.0.0",
      "resolved": "https://registry.npmjs.org/whatwg-fetch/-/whatwg-fetch-1.0.0.tgz",
      "integrity": "sha1-AcKsTfQOI2qqGEgOO+dL1cjreY4=",
      "dev": true
    },
    "yargs": {
      "version": "7.1.0",
      "resolved": "https://registry.npmjs.org/yargs/-/yargs-7.1.0.tgz",
      "integrity": "sha1-a6MY6xaWFyf10oT46gA+jWFU0Mg=",
      "dev": true,
      "dependencies": {
        "camelcase": {
          "version": "https://registry.npmjs.org/camelcase/-/camelcase-3.0.0.tgz",
          "integrity": "sha1-MvxLn82vhF/N9+c7uXysImHwqwo="
        },
        "yargs-parser": {
          "version": "https://registry.npmjs.org/yargs-parser/-/yargs-parser-5.0.0.tgz",
          "integrity": "sha1-J17PDX/+Bcd+ZOfIbkzZS/DhIoo="
        }
      }
    }
  }
}
